
Microsoft Visual Studio Solution File, Format Version 12.00
# Visual Studio Version 17
VisualStudioVersion = 17.8.34511.84
MinimumVisualStudioVersion = 10.0.40219.1
Project("{FAE04EC0-301F-11D3-BF4B-00C04F79EFBC}") = "Practice.DataAccess", "Practice.DataAccess\Practice.DataAccess.csproj", "{20EEAB66-0FDB-40D2-9EBE-7C75D5B7E6DE}"
EndProject
Project("{FAE04EC0-301F-11D3-BF4B-00C04F79EFBC}") = "Practice.Model", "Practice.Model\Practice.Model.csproj", "{613A8C31-D120-4619-8FA3-E93C88C9513F}"
EndProject
Project("{FAE04EC0-301F-11D3-BF4B-00C04F79EFBC}") = "Practice.ConsoleAPP", "Practice.ConsoleAPP\Practice.ConsoleAPP.csproj", "{2C888888-A238-4794-AD1F-B92D34632D36}"
EndProject
Global
	GlobalSection(SolutionConfigurationPlatforms) = preSolution
		Debug|Any CPU = Debug|Any CPU
		Release|Any CPU = Release|Any CPU
	EndGlobalSection
	GlobalSection(ProjectConfigurationPlatforms) = postSolution
		{20EEAB66-0FDB-40D2-9EBE-7C75D5B7E6DE}.Debug|Any CPU.ActiveCfg = Debug|Any CPU
		{20EEAB66-0FDB-40D2-9EBE-7C75D5B7E6DE}.Debug|Any CPU.Build.0 = Debug|Any CPU
		{20EEAB66-0FDB-40D2-9EBE-7C75D5B7E6DE}.Release|Any CPU.ActiveCfg = Release|Any CPU
		{20EEAB66-0FDB-40D2-9EBE-7C75D5B7E6DE}.Release|Any CPU.Build.0 = Release|Any CPU
		{613A8C31-D120-4619-8FA3-E93C88C9513F}.Debug|Any CPU.ActiveCfg = Debug|Any CPU
		{613A8C31-D120-4619-8FA3-E93C88C9513F}.Debug|Any CPU.Build.0 = Debug|Any CPU
		{613A8C31-D120-4619-8FA3-E93C88C9513F}.Release|Any CPU.ActiveCfg = Release|Any CPU
		{613A8C31-D120-4619-8FA3-E93C88C9513F}.Release|Any CPU.Build.0 = Release|Any CPU
		{2C888888-A238-4794-AD1F-B92D34632D36}.Debug|Any CPU.ActiveCfg = Debug|Any CPU
		{2C888888-A238-4794-AD1F-B92D34632D36}.Debug|Any CPU.Build.0 = Debug|Any CPU
		{2C888888-A238-4794-AD1F-B92D34632D36}.Release|Any CPU.ActiveCfg = Release|Any CPU
		{2C888888-A238-4794-AD1F-B92D34632D36}.Release|Any CPU.Build.0 = Release|Any CPU
	EndGlobalSection
	GlobalSection(SolutionProperties) = preSolution
		HideSolutionNode = FALSE
	EndGlobalSection
	GlobalSection(ExtensibilityGlobals) = postSolution
		SolutionGuid = {4383875E-006D-4911-BF1D-84CC7DBD1E6C}
	EndGlobalSection
EndGlobal
